
Microsoft Visual Studio Solution File, Format Version 12.00
# Visual Studio Version 16
VisualStudioVersion = 25.0.1706.8
MinimumVisualStudioVersion = 10.0.40219.1
Project("{FAE04EC0-301F-11D3-BF4B-00C04F79EFBC}") = "KDZ_3_3", "KDZ_3_3\KDZ_3_3.csproj", "{0C6C2A7B-6F0A-4365-B30B-69D5EC64357F}"
EndProject
Project("{FAE04EC0-301F-11D3-BF4B-00C04F79EFBC}") = "LibraryOfClasses", "LibraryOfClasses\LibraryOfClasses.csproj", "{2529B34C-B053-451B-A74A-BDED967B572C}"
EndProject
Global
	GlobalSection(SolutionConfigurationPlatforms) = preSolution
		Debug|Any CPU = Debug|Any CPU
		Release|Any CPU = Release|Any CPU
	EndGlobalSection
	GlobalSection(ProjectConfigurationPlatforms) = postSolution
		{0C6C2A7B-6F0A-4365-B30B-69D5EC64357F}.Debug|Any CPU.ActiveCfg = Debug|Any CPU
		{0C6C2A7B-6F0A-4365-B30B-69D5EC64357F}.Debug|Any CPU.Build.0 = Debug|Any CPU
		{0C6C2A7B-6F0A-4365-B30B-69D5EC64357F}.Release|Any CPU.ActiveCfg = Release|Any CPU
		{0C6C2A7B-6F0A-4365-B30B-69D5EC64357F}.Release|Any CPU.Build.0 = Release|Any CPU
		{2529B34C-B053-451B-A74A-BDED967B572C}.Debug|Any CPU.ActiveCfg = Debug|Any CPU
		{2529B34C-B053-451B-A74A-BDED967B572C}.Debug|Any CPU.Build.0 = Debug|Any CPU
		{2529B34C-B053-451B-A74A-BDED967B572C}.Release|Any CPU.ActiveCfg = Release|Any CPU
		{2529B34C-B053-451B-A74A-BDED967B572C}.Release|Any CPU.Build.0 = Release|Any CPU
	EndGlobalSection
	GlobalSection(SolutionProperties) = preSolution
		HideSolutionNode = FALSE
	EndGlobalSection
	GlobalSection(ExtensibilityGlobals) = postSolution
		SolutionGuid = {DFD5FC1D-2C52-41BC-A6B6-BA8E5604EE7A}
	EndGlobalSection
EndGlobal
